
Microsoft Visual Studio Solution File, Format Version 12.00
# Visual Studio 14
VisualStudioVersion = 14.0.25123.0
MinimumVisualStudioVersion = 10.0.40219.1
Project("{FAE04EC0-301F-11D3-BF4B-00C04F79EFBC}") = "Client", "Client\Client.csproj", "{65D89AED-58E5-45D5-8947-C1AC627F76EA}"
EndProject
Project("{FAE04EC0-301F-11D3-BF4B-00C04F79EFBC}") = "Automated Testing Suite", "Automated Testing Suite\Automated Testing Suite.csproj", "{65B4D6EF-B012-490D-AFE4-FA346DAC566B}"
EndProject
Project("{FAE04EC0-301F-11D3-BF4B-00C04F79EFBC}") = "Challenges", "Challenges\Challenges.csproj", "{6607E52B-47B6-4617-AE40-1F3E22F8D0AF}"
EndProject
Project("{FAE04EC0-301F-11D3-BF4B-00C04F79EFBC}") = "Server", "Server\Server.csproj", "{7D2DDDCE-A6E4-4B8B-A18F-C08A9773FB70}"
EndProject
Project("{FAE04EC0-301F-11D3-BF4B-00C04F79EFBC}") = "Update Manager", "Update Manager\Update Manager.csproj", "{A32CB619-62C3-4627-9996-E8F3A01D2A38}"
EndProject
Global
	GlobalSection(SolutionConfigurationPlatforms) = preSolution
		Debug|Any CPU = Debug|Any CPU
		Release|Any CPU = Release|Any CPU
	EndGlobalSection
	GlobalSection(ProjectConfigurationPlatforms) = postSolution
		{65D89AED-58E5-45D5-8947-C1AC627F76EA}.Debug|Any CPU.ActiveCfg = Debug|Any CPU
		{65D89AED-58E5-45D5-8947-C1AC627F76EA}.Debug|Any CPU.Build.0 = Debug|Any CPU
		{65D89AED-58E5-45D5-8947-C1AC627F76EA}.Release|Any CPU.ActiveCfg = Release|Any CPU
		{65D89AED-58E5-45D5-8947-C1AC627F76EA}.Release|Any CPU.Build.0 = Release|Any CPU
		{65B4D6EF-B012-490D-AFE4-FA346DAC566B}.Debug|Any CPU.ActiveCfg = Debug|Any CPU
		{65B4D6EF-B012-490D-AFE4-FA346DAC566B}.Debug|Any CPU.Build.0 = Debug|Any CPU
		{65B4D6EF-B012-490D-AFE4-FA346DAC566B}.Release|Any CPU.ActiveCfg = Release|Any CPU
		{65B4D6EF-B012-490D-AFE4-FA346DAC566B}.Release|Any CPU.Build.0 = Release|Any CPU
		{6607E52B-47B6-4617-AE40-1F3E22F8D0AF}.Debug|Any CPU.ActiveCfg = Debug|Any CPU
		{6607E52B-47B6-4617-AE40-1F3E22F8D0AF}.Debug|Any CPU.Build.0 = Debug|Any CPU
		{6607E52B-47B6-4617-AE40-1F3E22F8D0AF}.Release|Any CPU.ActiveCfg = Release|Any CPU
		{6607E52B-47B6-4617-AE40-1F3E22F8D0AF}.Release|Any CPU.Build.0 = Release|Any CPU
		{7D2DDDCE-A6E4-4B8B-A18F-C08A9773FB70}.Debug|Any CPU.ActiveCfg = Debug|Any CPU
		{7D2DDDCE-A6E4-4B8B-A18F-C08A9773FB70}.Debug|Any CPU.Build.0 = Debug|Any CPU
		{7D2DDDCE-A6E4-4B8B-A18F-C08A9773FB70}.Release|Any CPU.ActiveCfg = Release|Any CPU
		{7D2DDDCE-A6E4-4B8B-A18F-C08A9773FB70}.Release|Any CPU.Build.0 = Release|Any CPU
		{A32CB619-62C3-4627-9996-E8F3A01D2A38}.Debug|Any CPU.ActiveCfg = Debug|Any CPU
		{A32CB619-62C3-4627-9996-E8F3A01D2A38}.Debug|Any CPU.Build.0 = Debug|Any CPU
		{A32CB619-62C3-4627-9996-E8F3A01D2A38}.Release|Any CPU.ActiveCfg = Release|Any CPU
		{A32CB619-62C3-4627-9996-E8F3A01D2A38}.Release|Any CPU.Build.0 = Release|Any CPU
	EndGlobalSection
	GlobalSection(SolutionProperties) = preSolution
		HideSolutionNode = FALSE
	EndGlobalSection
EndGlobal
